
Microsoft Visual Studio Solution File, Format Version 12.00
# Visual Studio 14
VisualStudioVersion = 14.0.24720.0
MinimumVisualStudioVersion = 10.0.40219.1
Project("{FAE04EC0-301F-11D3-BF4B-00C04F79EFBC}") = "NumbersFrom1ToN", "NumbersFrom1ToN\NumbersFrom1ToN.csproj", "{504F1CEF-739A-4610-9B97-6483A11508A7}"
EndProject
Project("{FAE04EC0-301F-11D3-BF4B-00C04F79EFBC}") = "NotDivisibleNumbers", "NotDivisibleNumbers\NotDivisibleNumbers.csproj", "{6B40926A-1E9E-4C48-876C-1EF6F89AD627}"
EndProject
Project("{FAE04EC0-301F-11D3-BF4B-00C04F79EFBC}") = "MMSAofNNumbers", "MMSAofNNumbers\MMSAofNNumbers.csproj", "{0779E383-2C1D-4910-9B60-6B6A24B178AB}"
EndProject
Project("{FAE04EC0-301F-11D3-BF4B-00C04F79EFBC}") = "OddandEvenProduct!!!!", "OddandEvenProduct\OddandEvenProduct!!!!.csproj", "{4B7654FE-4D60-419D-AE00-FF92B2FCAA27}"
EndProject
Project("{FAE04EC0-301F-11D3-BF4B-00C04F79EFBC}") = "MatrixOfNumbers", "MatrixOfNumbers\MatrixOfNumbers.csproj", "{45AF5D01-6C5E-4241-8DB7-FCD480FBDEF9}"
EndProject
Project("{FAE04EC0-301F-11D3-BF4B-00C04F79EFBC}") = "PrintaDeck", "PrintaDeck\PrintaDeck.csproj", "{E7EBCBDE-3E0F-439C-916D-CB3853093C6E}"
EndProject
Project("{FAE04EC0-301F-11D3-BF4B-00C04F79EFBC}") = "Calculate!", "Calculate!\Calculate!.csproj", "{947684D0-1DF0-4BF4-9BE0-8F0C9D8F45B7}"
EndProject
Project("{FAE04EC0-301F-11D3-BF4B-00C04F79EFBC}") = "CalculateAgain", "CalculateAgain\CalculateAgain.csproj", "{C2267928-2267-4E3C-96D9-F0BEDB4112C0}"
EndProject
Project("{FAE04EC0-301F-11D3-BF4B-00C04F79EFBC}") = "Calculate3", "Calculate3\Calculate3.csproj", "{42BAE7AD-E7E1-4605-92AD-C8C5A4979023}"
EndProject
Global
	GlobalSection(SolutionConfigurationPlatforms) = preSolution
		Debug|Any CPU = Debug|Any CPU
		Release|Any CPU = Release|Any CPU
	EndGlobalSection
	GlobalSection(ProjectConfigurationPlatforms) = postSolution
		{504F1CEF-739A-4610-9B97-6483A11508A7}.Debug|Any CPU.ActiveCfg = Debug|Any CPU
		{504F1CEF-739A-4610-9B97-6483A11508A7}.Debug|Any CPU.Build.0 = Debug|Any CPU
		{504F1CEF-739A-4610-9B97-6483A11508A7}.Release|Any CPU.ActiveCfg = Release|Any CPU
		{504F1CEF-739A-4610-9B97-6483A11508A7}.Release|Any CPU.Build.0 = Release|Any CPU
		{6B40926A-1E9E-4C48-876C-1EF6F89AD627}.Debug|Any CPU.ActiveCfg = Debug|Any CPU
		{6B40926A-1E9E-4C48-876C-1EF6F89AD627}.Debug|Any CPU.Build.0 = Debug|Any CPU
		{6B40926A-1E9E-4C48-876C-1EF6F89AD627}.Release|Any CPU.ActiveCfg = Release|Any CPU
		{6B40926A-1E9E-4C48-876C-1EF6F89AD627}.Release|Any CPU.Build.0 = Release|Any CPU
		{0779E383-2C1D-4910-9B60-6B6A24B178AB}.Debug|Any CPU.ActiveCfg = Debug|Any CPU
		{0779E383-2C1D-4910-9B60-6B6A24B178AB}.Debug|Any CPU.Build.0 = Debug|Any CPU
		{0779E383-2C1D-4910-9B60-6B6A24B178AB}.Release|Any CPU.ActiveCfg = Release|Any CPU
		{0779E383-2C1D-4910-9B60-6B6A24B178AB}.Release|Any CPU.Build.0 = Release|Any CPU
		{4B7654FE-4D60-419D-AE00-FF92B2FCAA27}.Debug|Any CPU.ActiveCfg = Debug|Any CPU
		{4B7654FE-4D60-419D-AE00-FF92B2FCAA27}.Debug|Any CPU.Build.0 = Debug|Any CPU
		{4B7654FE-4D60-419D-AE00-FF92B2FCAA27}.Release|Any CPU.ActiveCfg = Release|Any CPU
		{4B7654FE-4D60-419D-AE00-FF92B2FCAA27}.Release|Any CPU.Build.0 = Release|Any CPU
		{45AF5D01-6C5E-4241-8DB7-FCD480FBDEF9}.Debug|Any CPU.ActiveCfg = Debug|Any CPU
		{45AF5D01-6C5E-4241-8DB7-FCD480FBDEF9}.Debug|Any CPU.Build.0 = Debug|Any CPU
		{45AF5D01-6C5E-4241-8DB7-FCD480FBDEF9}.Release|Any CPU.ActiveCfg = Release|Any CPU
		{45AF5D01-6C5E-4241-8DB7-FCD480FBDEF9}.Release|Any CPU.Build.0 = Release|Any CPU
		{E7EBCBDE-3E0F-439C-916D-CB3853093C6E}.Debug|Any CPU.ActiveCfg = Debug|Any CPU
		{E7EBCBDE-3E0F-439C-916D-CB3853093C6E}.Debug|Any CPU.Build.0 = Debug|Any CPU
		{E7EBCBDE-3E0F-439C-916D-CB3853093C6E}.Release|Any CPU.ActiveCfg = Release|Any CPU
		{E7EBCBDE-3E0F-439C-916D-CB3853093C6E}.Release|Any CPU.Build.0 = Release|Any CPU
		{947684D0-1DF0-4BF4-9BE0-8F0C9D8F45B7}.Debug|Any CPU.ActiveCfg = Debug|Any CPU
		{947684D0-1DF0-4BF4-9BE0-8F0C9D8F45B7}.Debug|Any CPU.Build.0 = Debug|Any CPU
		{947684D0-1DF0-4BF4-9BE0-8F0C9D8F45B7}.Release|Any CPU.ActiveCfg = Release|Any CPU
		{947684D0-1DF0-4BF4-9BE0-8F0C9D8F45B7}.Release|Any CPU.Build.0 = Release|Any CPU
		{C2267928-2267-4E3C-96D9-F0BEDB4112C0}.Debug|Any CPU.ActiveCfg = Debug|Any CPU
		{C2267928-2267-4E3C-96D9-F0BEDB4112C0}.Debug|Any CPU.Build.0 = Debug|Any CPU
		{C2267928-2267-4E3C-96D9-F0BEDB4112C0}.Release|Any CPU.ActiveCfg = Release|Any CPU
		{C2267928-2267-4E3C-96D9-F0BEDB4112C0}.Release|Any CPU.Build.0 = Release|Any CPU
		{42BAE7AD-E7E1-4605-92AD-C8C5A4979023}.Debug|Any CPU.ActiveCfg = Debug|Any CPU
		{42BAE7AD-E7E1-4605-92AD-C8C5A4979023}.Debug|Any CPU.Build.0 = Debug|Any CPU
		{42BAE7AD-E7E1-4605-92AD-C8C5A4979023}.Release|Any CPU.ActiveCfg = Release|Any CPU
		{42BAE7AD-E7E1-4605-92AD-C8C5A4979023}.Release|Any CPU.Build.0 = Release|Any CPU
	EndGlobalSection
	GlobalSection(SolutionProperties) = preSolution
		HideSolutionNode = FALSE
	EndGlobalSection
EndGlobal
